{
  "name": "unioption",
  "version": "0.0.1",
  "lockfileVersion": 1,
  "requires": true,
  "dependencies": {
    "@openzeppelin/contracts": {
      "version": "3.2.0",
      "resolved": "https://registry.npmjs.org/@openzeppelin/contracts/-/contracts-3.2.0.tgz",
      "integrity": "sha512-bUOmkSoPkjnUyMiKo6RYnb0VHBk5D9KKDAgNLzF41aqAM3TeE0yGdFF5dVRcV60pZdJLlyFT/jjXIZCWyyEzAQ=="
    },
    "axios": {
      "version": "0.19.2",
      "resolved": "https://registry.npmjs.org/axios/-/axios-0.19.2.tgz",
      "integrity": "sha512-fjgm5MvRHLhx+osE2xoekY70AhARk3a6hkN+3Io1jc00jtquGvxYlKlsFUhmUET0V5te6CcZI7lcv2Ym61mjHA==",
      "dev": true,
      "requires": {
        "follow-redirects": "1.5.10"
      }
    },
    "circular": {
      "version": "1.0.5",
      "resolved": "https://registry.npmjs.org/circular/-/circular-1.0.5.tgz",
      "integrity": "sha1-fad6+Yu96c5LWzWM1Va13e0tMUk=",
      "dev": true
    },
    "cli-logger": {
      "version": "0.5.40",
      "resolved": "https://registry.npmjs.org/cli-logger/-/cli-logger-0.5.40.tgz",
      "integrity": "sha1-CX8OEbByx8aYomxH9YiinCC0iws=",
      "dev": true,
      "requires": {
        "circular": "^1.0.5",
        "cli-util": "~1.1.27"
      }
    },
    "cli-regexp": {
      "version": "0.1.2",
      "resolved": "https://registry.npmjs.org/cli-regexp/-/cli-regexp-0.1.2.tgz",
      "integrity": "sha1-a82TsJ+y7RAl0woRVdWZeVSlNRI=",
      "dev": true
    },
    "cli-util": {
      "version": "1.1.27",
      "resolved": "https://registry.npmjs.org/cli-util/-/cli-util-1.1.27.tgz",
      "integrity": "sha1-QtaeNqBAoyH8nPhRwVE8rcUJMFQ=",
      "dev": true,
      "requires": {
        "cli-regexp": "~0.1.0"
      }
    },
    "debug": {
      "version": "3.1.0",
      "resolved": "https://registry.npmjs.org/debug/-/debug-3.1.0.tgz",
      "integrity": "sha512-OX8XqP7/1a9cqkxYw2yXss15f26NKWBpDXQd0/uK/KPqdQhxbPa994hnzjcE2VqQpDslf55723cKPUOGSmMY3g==",
      "dev": true,
      "requires": {
        "ms": "2.0.0"
      }
    },
    "delay": {
      "version": "4.3.0",
      "resolved": "https://registry.npmjs.org/delay/-/delay-4.3.0.tgz",
      "integrity": "sha512-Lwaf3zVFDMBop1yDuFZ19F9WyGcZcGacsbdlZtWjQmM50tOcMntm1njF/Nb/Vjij3KaSvCF+sEYGKrrjObu2NA==",
      "dev": true
    },
    "dotenv": {
      "version": "8.2.0",
      "resolved": "https://registry.npmjs.org/dotenv/-/dotenv-8.2.0.tgz",
      "integrity": "sha512-8sJ78ElpbDJBHNeBzUbUVLsqKdccaa/BXF1uPTw3GrvQTBgrQrtObr2mUrE38vzYd8cEv+m/JBfDLioYcfXoaw=="
    },
    "follow-redirects": {
      "version": "1.5.10",
      "resolved": "https://registry.npmjs.org/follow-redirects/-/follow-redirects-1.5.10.tgz",
      "integrity": "sha512-0V5l4Cizzvqt5D44aTXbFZz+FtyXV1vrDN6qrelxtfYQKW0KO0W2T/hkE8xvGa/540LkZlkaUjO4ailYTFtHVQ==",
      "dev": true,
      "requires": {
        "debug": "=3.1.0"
      }
    },
    "ms": {
      "version": "2.0.0",
      "resolved": "https://registry.npmjs.org/ms/-/ms-2.0.0.tgz",
      "integrity": "sha1-VgiurfwAvmwpAd9fmGF4jeDVl8g=",
      "dev": true
    },
    "querystring": {
      "version": "0.2.0",
      "resolved": "https://registry.npmjs.org/querystring/-/querystring-0.2.0.tgz",
      "integrity": "sha1-sgmEkgO7Jd+CDadW50cAWHhSFiA=",
      "dev": true
    },
    "truffle-plugin-verify": {
      "version": "0.5.2",
      "resolved": "https://registry.npmjs.org/truffle-plugin-verify/-/truffle-plugin-verify-0.5.2.tgz",
      "integrity": "sha512-2D1GdfdfltvXRf/VYgFep+uouBtdFWi/O2xA1/khqEg9pREmtNXEYzDjozpOInJ1jzoyn30oFUyb1rouD0dlqw==",
      "dev": true,
      "requires": {
        "axios": "0.19.2",
        "cli-logger": "0.5.40",
        "delay": "4.3.0",
        "querystring": "0.2.0"
      }
    }
  }
}
